// !$*UTF8*$!
{
	archiveVersion = 1;
	classes = {
	};
	objectVersion = 46;
	objects = {

/* Begin PBXBuildFile section */
		0D3323A015743CBB00E85560 /* LOVPhoto.m in Sources */ = {isa = PBXBuildFile; fileRef = 0D33239F15743CBB00E85560 /* LOVPhoto.m */; };
		0D3323A315744A3F00E85560 /* CoreImage.framework in Frameworks */ = {isa = PBXBuildFile; fileRef = 0D3323A215744A3F00E85560 /* CoreImage.framework */; };
		0D3323A51574567D00E85560 /* photo1.png in Resources */ = {isa = PBXBuildFile; fileRef = 0D3323A41574567D00E85560 /* photo1.png */; };
		0D3323A71574568200E85560 /* photo2.png in Resources */ = {isa = PBXBuildFile; fileRef = 0D3323A61574568200E85560 /* photo2.png */; };
		0D6690441576299A00D7FA89 /* UIImage+Alpha.m in Sources */ = {isa = PBXBuildFile; fileRef = 0D66903F1576299A00D7FA89 /* UIImage+Alpha.m */; };
		0D6690451576299A00D7FA89 /* UIImage+Resize.m in Sources */ = {isa = PBXBuildFile; fileRef = 0D6690411576299A00D7FA89 /* UIImage+Resize.m */; };
		0D6690461576299A00D7FA89 /* UIImage+RoundedCorner.m in Sources */ = {isa = PBXBuildFile; fileRef = 0D6690431576299A00D7FA89 /* UIImage+RoundedCorner.m */; };
		0D6CCBF81575F3A80086CEAB /* NSFileManager+LayoverExtensions.m in Sources */ = {isa = PBXBuildFile; fileRef = 0D6CCBF71575F3A80086CEAB /* NSFileManager+LayoverExtensions.m */; };
		0D8B062B157432A300F1F5FE /* UIKit.framework in Frameworks */ = {isa = PBXBuildFile; fileRef = 0D8B062A157432A300F1F5FE /* UIKit.framework */; };
		0D8B062D157432A300F1F5FE /* Foundation.framework in Frameworks */ = {isa = PBXBuildFile; fileRef = 0D8B062C157432A300F1F5FE /* Foundation.framework */; };
		0D8B062F157432A300F1F5FE /* CoreGraphics.framework in Frameworks */ = {isa = PBXBuildFile; fileRef = 0D8B062E157432A300F1F5FE /* CoreGraphics.framework */; };
		0D8B0635157432A300F1F5FE /* InfoPlist.strings in Resources */ = {isa = PBXBuildFile; fileRef = 0D8B0633157432A300F1F5FE /* InfoPlist.strings */; };
		0D8B0637157432A300F1F5FE /* main.m in Sources */ = {isa = PBXBuildFile; fileRef = 0D8B0636157432A300F1F5FE /* main.m */; };
		0D8B063B157432A300F1F5FE /* LOVAppDelegate.m in Sources */ = {isa = PBXBuildFile; fileRef = 0D8B063A157432A300F1F5FE /* LOVAppDelegate.m */; };
		0D8B063E157432A300F1F5FE /* LOVCollageViewController.m in Sources */ = {isa = PBXBuildFile; fileRef = 0D8B063D157432A300F1F5FE /* LOVCollageViewController.m */; };
		0D8B0641157432A300F1F5FE /* LOVCollageViewController.xib in Resources */ = {isa = PBXBuildFile; fileRef = 0D8B063F157432A300F1F5FE /* LOVCollageViewController.xib */; };
		0DC3E44A15773C240053D93D /* LOVCollage.m in Sources */ = {isa = PBXBuildFile; fileRef = 0DC3E44915773C240053D93D /* LOVCollage.m */; };
		0DC3E44D15775B550053D93D /* AssetsLibrary.framework in Frameworks */ = {isa = PBXBuildFile; fileRef = 0DC3E44C15775B550053D93D /* AssetsLibrary.framework */; };
/* End PBXBuildFile section */

/* Begin PBXFileReference section */
		0D0EF8A91576227B00FED9CA /* CGGeometry+LayoverExtensions.h */ = {isa = PBXFileReference; fileEncoding = 4; lastKnownFileType = sourcecode.c.h; path = "CGGeometry+LayoverExtensions.h"; sourceTree = "<group>"; };
		0D33239E15743CBB00E85560 /* LOVPhoto.h */ = {isa = PBXFileReference; fileEncoding = 4; lastKnownFileType = sourcecode.c.h; path = LOVPhoto.h; sourceTree = "<group>"; };
		0D33239F15743CBB00E85560 /* LOVPhoto.m */ = {isa = PBXFileReference; fileEncoding = 4; lastKnownFileType = sourcecode.c.objc; path = LOVPhoto.m; sourceTree = "<group>"; };
		0D3323A215744A3F00E85560 /* CoreImage.framework */ = {isa = PBXFileReference; lastKnownFileType = wrapper.framework; name = CoreImage.framework; path = System/Library/Frameworks/CoreImage.framework; sourceTree = SDKROOT; };
		0D3323A41574567D00E85560 /* photo1.png */ = {isa = PBXFileReference; lastKnownFileType = image.png; name = photo1.png; path = Images/photo1.png; sourceTree = "<group>"; };
		0D3323A61574568200E85560 /* photo2.png */ = {isa = PBXFileReference; lastKnownFileType = image.png; name = photo2.png; path = Images/photo2.png; sourceTree = "<group>"; };
		0D66903E1576299A00D7FA89 /* UIImage+Alpha.h */ = {isa = PBXFileReference; fileEncoding = 4; lastKnownFileType = sourcecode.c.h; path = "UIImage+Alpha.h"; sourceTree = "<group>"; };
		0D66903F1576299A00D7FA89 /* UIImage+Alpha.m */ = {isa = PBXFileReference; fileEncoding = 4; lastKnownFileType = sourcecode.c.objc; path = "UIImage+Alpha.m"; sourceTree = "<group>"; };
		0D6690401576299A00D7FA89 /* UIImage+Resize.h */ = {isa = PBXFileReference; fileEncoding = 4; lastKnownFileType = sourcecode.c.h; path = "UIImage+Resize.h"; sourceTree = "<group>"; };
		0D6690411576299A00D7FA89 /* UIImage+Resize.m */ = {isa = PBXFileReference; fileEncoding = 4; lastKnownFileType = sourcecode.c.objc; path = "UIImage+Resize.m"; sourceTree = "<group>"; };
		0D6690421576299A00D7FA89 /* UIImage+RoundedCorner.h */ = {isa = PBXFileReference; fileEncoding = 4; lastKnownFileType = sourcecode.c.h; path = "UIImage+RoundedCorner.h"; sourceTree = "<group>"; };
		0D6690431576299A00D7FA89 /* UIImage+RoundedCorner.m */ = {isa = PBXFileReference; fileEncoding = 4; lastKnownFileType = sourcecode.c.objc; path = "UIImage+RoundedCorner.m"; sourceTree = "<group>"; };
		0D6CCBF61575F3A80086CEAB /* NSFileManager+LayoverExtensions.h */ = {isa = PBXFileReference; fileEncoding = 4; lastKnownFileType = sourcecode.c.h; path = "NSFileManager+LayoverExtensions.h"; sourceTree = "<group>"; };
		0D6CCBF71575F3A80086CEAB /* NSFileManager+LayoverExtensions.m */ = {isa = PBXFileReference; fileEncoding = 4; lastKnownFileType = sourcecode.c.objc; path = "NSFileManager+LayoverExtensions.m"; sourceTree = "<group>"; };
		0D8B0626157432A300F1F5FE /* Layover.app */ = {isa = PBXFileReference; explicitFileType = wrapper.application; includeInIndex = 0; path = Layover.app; sourceTree = BUILT_PRODUCTS_DIR; };
		0D8B062A157432A300F1F5FE /* UIKit.framework */ = {isa = PBXFileReference; lastKnownFileType = wrapper.framework; name = UIKit.framework; path = System/Library/Frameworks/UIKit.framework; sourceTree = SDKROOT; };
		0D8B062C157432A300F1F5FE /* Foundation.framework */ = {isa = PBXFileReference; lastKnownFileType = wrapper.framework; name = Foundation.framework; path = System/Library/Frameworks/Foundation.framework; sourceTree = SDKROOT; };
		0D8B062E157432A300F1F5FE /* CoreGraphics.framework */ = {isa = PBXFileReference; lastKnownFileType = wrapper.framework; name = CoreGraphics.framework; path = System/Library/Frameworks/CoreGraphics.framework; sourceTree = SDKROOT; };
		0D8B0632157432A300F1F5FE /* Layover-Info.plist */ = {isa = PBXFileReference; lastKnownFileType = text.plist.xml; path = "Layover-Info.plist"; sourceTree = "<group>"; };
		0D8B0634157432A300F1F5FE /* en */ = {isa = PBXFileReference; lastKnownFileType = text.plist.strings; name = en; path = en.lproj/InfoPlist.strings; sourceTree = "<group>"; };
		0D8B0636157432A300F1F5FE /* main.m */ = {isa = PBXFileReference; lastKnownFileType = sourcecode.c.objc; path = main.m; sourceTree = "<group>"; };
		0D8B0638157432A300F1F5FE /* Layover-Prefix.pch */ = {isa = PBXFileReference; lastKnownFileType = sourcecode.c.h; path = "Layover-Prefix.pch"; sourceTree = "<group>"; };
		0D8B0639157432A300F1F5FE /* LOVAppDelegate.h */ = {isa = PBXFileReference; lastKnownFileType = sourcecode.c.h; path = LOVAppDelegate.h; sourceTree = "<group>"; };
		0D8B063A157432A300F1F5FE /* LOVAppDelegate.m */ = {isa = PBXFileReference; lastKnownFileType = sourcecode.c.objc; path = LOVAppDelegate.m; sourceTree = "<group>"; };
		0D8B063C157432A300F1F5FE /* LOVCollageViewController.h */ = {isa = PBXFileReference; lastKnownFileType = sourcecode.c.h; path = LOVCollageViewController.h; sourceTree = "<group>"; };
		0D8B063D157432A300F1F5FE /* LOVCollageViewController.m */ = {isa = PBXFileReference; lastKnownFileType = sourcecode.c.objc; path = LOVCollageViewController.m; sourceTree = "<group>"; };
		0D8B0640157432A300F1F5FE /* en */ = {isa = PBXFileReference; lastKnownFileType = file.xib; name = en; path = en.lproj/LOVCollageViewController.xib; sourceTree = "<group>"; };
		0DC3E44815773C240053D93D /* LOVCollage.h */ = {isa = PBXFileReference; fileEncoding = 4; lastKnownFileType = sourcecode.c.h; path = LOVCollage.h; sourceTree = "<group>"; };
		0DC3E44915773C240053D93D /* LOVCollage.m */ = {isa = PBXFileReference; fileEncoding = 4; lastKnownFileType = sourcecode.c.objc; path = LOVCollage.m; sourceTree = "<group>"; };
		0DC3E44C15775B550053D93D /* AssetsLibrary.framework */ = {isa = PBXFileReference; lastKnownFileType = wrapper.framework; name = AssetsLibrary.framework; path = System/Library/Frameworks/AssetsLibrary.framework; sourceTree = SDKROOT; };
/* End PBXFileReference section */

/* Begin PBXFrameworksBuildPhase section */
		0D8B0623157432A300F1F5FE /* Frameworks */ = {
			isa = PBXFrameworksBuildPhase;
			buildActionMask = 2147483647;
			files = (
				0DC3E44D15775B550053D93D /* AssetsLibrary.framework in Frameworks */,
				0D3323A315744A3F00E85560 /* CoreImage.framework in Frameworks */,
				0D8B062B157432A300F1F5FE /* UIKit.framework in Frameworks */,
				0D8B062D157432A300F1F5FE /* Foundation.framework in Frameworks */,
				0D8B062F157432A300F1F5FE /* CoreGraphics.framework in Frameworks */,
			);
			runOnlyForDeploymentPostprocessing = 0;
		};
/* End PBXFrameworksBuildPhase section */

/* Begin PBXGroup section */
		0D3323911574370200E85560 /* Images */ = {
			isa = PBXGroup;
			children = (
				0D3323A41574567D00E85560 /* photo1.png */,
				0D3323A61574568200E85560 /* photo2.png */,
			);
			name = Images;
			sourceTree = "<group>";
		};
		0D33239D15743CA400E85560 /* Model */ = {
			isa = PBXGroup;
			children = (
				0D33239E15743CBB00E85560 /* LOVPhoto.h */,
				0D33239F15743CBB00E85560 /* LOVPhoto.m */,
				0DC3E44815773C240053D93D /* LOVCollage.h */,
				0DC3E44915773C240053D93D /* LOVCollage.m */,
			);
			name = Model;
			sourceTree = "<group>";
		};
		0D3323A11574408600E85560 /* View Controllers */ = {
			isa = PBXGroup;
			children = (
				0D8B063C157432A300F1F5FE /* LOVCollageViewController.h */,
				0D8B063D157432A300F1F5FE /* LOVCollageViewController.m */,
				0D8B063F157432A300F1F5FE /* LOVCollageViewController.xib */,
			);
			name = "View Controllers";
			sourceTree = "<group>";
		};
		0D6CCBF11575F36A0086CEAB /* Extensions */ = {
			isa = PBXGroup;
			children = (
				0D66903E1576299A00D7FA89 /* UIImage+Alpha.h */,
				0D66903F1576299A00D7FA89 /* UIImage+Alpha.m */,
				0D6690401576299A00D7FA89 /* UIImage+Resize.h */,
				0D6690411576299A00D7FA89 /* UIImage+Resize.m */,
				0D6690421576299A00D7FA89 /* UIImage+RoundedCorner.h */,
				0D6690431576299A00D7FA89 /* UIImage+RoundedCorner.m */,
				0D6CCBF61575F3A80086CEAB /* NSFileManager+LayoverExtensions.h */,
				0D6CCBF71575F3A80086CEAB /* NSFileManager+LayoverExtensions.m */,
				0D0EF8A91576227B00FED9CA /* CGGeometry+LayoverExtensions.h */,
			);
			name = Extensions;
			sourceTree = "<group>";
		};
		0D8B061B157432A300F1F5FE = {
			isa = PBXGroup;
			children = (
				0D8B0630157432A300F1F5FE /* Layover */,
				0D8B0629157432A300F1F5FE /* Frameworks */,
				0D8B0627157432A300F1F5FE /* Products */,
			);
			sourceTree = "<group>";
		};
		0D8B0627157432A300F1F5FE /* Products */ = {
			isa = PBXGroup;
			children = (
				0D8B0626157432A300F1F5FE /* Layover.app */,
			);
			name = Products;
			sourceTree = "<group>";
		};
		0D8B0629157432A300F1F5FE /* Frameworks */ = {
			isa = PBXGroup;
			children = (
				0DC3E44C15775B550053D93D /* AssetsLibrary.framework */,
				0D3323A215744A3F00E85560 /* CoreImage.framework */,
				0D8B062A157432A300F1F5FE /* UIKit.framework */,
				0D8B062C157432A300F1F5FE /* Foundation.framework */,
				0D8B062E157432A300F1F5FE /* CoreGraphics.framework */,
			);
			name = Frameworks;
			sourceTree = "<group>";
		};
		0D8B0630157432A300F1F5FE /* Layover */ = {
			isa = PBXGroup;
			children = (
				0D6CCBF11575F36A0086CEAB /* Extensions */,
				0D33239D15743CA400E85560 /* Model */,
				0D8B0647157432B700F1F5FE /* Views */,
				0D8B0639157432A300F1F5FE /* LOVAppDelegate.h */,
				0D8B063A157432A300F1F5FE /* LOVAppDelegate.m */,
				0D3323A11574408600E85560 /* View Controllers */,
				0D8B0631157432A300F1F5FE /* Supporting Files */,
			);
			path = Layover;
			sourceTree = "<group>";
		};
		0D8B0631157432A300F1F5FE /* Supporting Files */ = {
			isa = PBXGroup;
			children = (
				0D3323911574370200E85560 /* Images */,
				0D8B0632157432A300F1F5FE /* Layover-Info.plist */,
				0D8B0633157432A300F1F5FE /* InfoPlist.strings */,
				0D8B0636157432A300F1F5FE /* main.m */,
				0D8B0638157432A300F1F5FE /* Layover-Prefix.pch */,
			);
			name = "Supporting Files";
			sourceTree = "<group>";
		};
		0D8B0647157432B700F1F5FE /* Views */ = {
			isa = PBXGroup;
			children = (
			);
			name = Views;
			sourceTree = "<group>";
		};
/* End PBXGroup section */

/* Begin PBXNativeTarget section */
		0D8B0625157432A300F1F5FE /* Layover */ = {
			isa = PBXNativeTarget;
			buildConfigurationList = 0D8B0644157432A300F1F5FE /* Build configuration list for PBXNativeTarget "Layover" */;
			buildPhases = (
				0D8B0622157432A300F1F5FE /* Sources */,
				0D8B0623157432A300F1F5FE /* Frameworks */,
				0D8B0624157432A300F1F5FE /* Resources */,
			);
			buildRules = (
			);
			dependencies = (
			);
			name = Layover;
			productName = Layover;
			productReference = 0D8B0626157432A300F1F5FE /* Layover.app */;
			productType = "com.apple.product-type.application";
		};
/* End PBXNativeTarget section */

/* Begin PBXProject section */
		0D8B061D157432A300F1F5FE /* Project object */ = {
			isa = PBXProject;
			attributes = {
				CLASSPREFIX = LOV;
				LastUpgradeCheck = 0430;
			};
			buildConfigurationList = 0D8B0620157432A300F1F5FE /* Build configuration list for PBXProject "Layover" */;
			compatibilityVersion = "Xcode 3.2";
			developmentRegion = English;
			hasScannedForEncodings = 0;
			knownRegions = (
				en,
			);
			mainGroup = 0D8B061B157432A300F1F5FE;
			productRefGroup = 0D8B0627157432A300F1F5FE /* Products */;
			projectDirPath = "";
			projectRoot = "";
			targets = (
				0D8B0625157432A300F1F5FE /* Layover */,
			);
		};
/* End PBXProject section */

/* Begin PBXResourcesBuildPhase section */
		0D8B0624157432A300F1F5FE /* Resources */ = {
			isa = PBXResourcesBuildPhase;
			buildActionMask = 2147483647;
			files = (
				0D8B0635157432A300F1F5FE /* InfoPlist.strings in Resources */,
				0D8B0641157432A300F1F5FE /* LOVCollageViewController.xib in Resources */,
				0D3323A51574567D00E85560 /* photo1.png in Resources */,
				0D3323A71574568200E85560 /* photo2.png in Resources */,
			);
			runOnlyForDeploymentPostprocessing = 0;
		};
/* End PBXResourcesBuildPhase section */

/* Begin PBXSourcesBuildPhase section */
		0D8B0622157432A300F1F5FE /* Sources */ = {
			isa = PBXSourcesBuildPhase;
			buildActionMask = 2147483647;
			files = (
				0D8B0637157432A300F1F5FE /* main.m in Sources */,
				0D8B063B157432A300F1F5FE /* LOVAppDelegate.m in Sources */,
				0D8B063E157432A300F1F5FE /* LOVCollageViewController.m in Sources */,
				0D3323A015743CBB00E85560 /* LOVPhoto.m in Sources */,
				0D6CCBF81575F3A80086CEAB /* NSFileManager+LayoverExtensions.m in Sources */,
				0D6690441576299A00D7FA89 /* UIImage+Alpha.m in Sources */,
				0D6690451576299A00D7FA89 /* UIImage+Resize.m in Sources */,
				0D6690461576299A00D7FA89 /* UIImage+RoundedCorner.m in Sources */,
				0DC3E44A15773C240053D93D /* LOVCollage.m in Sources */,
			);
			runOnlyForDeploymentPostprocessing = 0;
		};
/* End PBXSourcesBuildPhase section */

/* Begin PBXVariantGroup section */
		0D8B0633157432A300F1F5FE /* InfoPlist.strings */ = {
			isa = PBXVariantGroup;
			children = (
				0D8B0634157432A300F1F5FE /* en */,
			);
			name = InfoPlist.strings;
			sourceTree = "<group>";
		};
		0D8B063F157432A300F1F5FE /* LOVCollageViewController.xib */ = {
			isa = PBXVariantGroup;
			children = (
				0D8B0640157432A300F1F5FE /* en */,
			);
			name = LOVCollageViewController.xib;
			sourceTree = "<group>";
		};
/* End PBXVariantGroup section */

/* Begin XCBuildConfiguration section */
		0D8B0642157432A300F1F5FE /* Debug */ = {
			isa = XCBuildConfiguration;
			buildSettings = {
				ALWAYS_SEARCH_USER_PATHS = NO;
				ARCHS = "$(ARCHS_STANDARD_32_BIT)";
				CLANG_ENABLE_OBJC_ARC = YES;
				"CODE_SIGN_IDENTITY[sdk=iphoneos*]" = "iPhone Developer";
				COPY_PHASE_STRIP = NO;
				GCC_C_LANGUAGE_STANDARD = gnu99;
				GCC_DYNAMIC_NO_PIC = NO;
				GCC_OPTIMIZATION_LEVEL = 0;
				GCC_PREPROCESSOR_DEFINITIONS = (
					"DEBUG=1",
					"$(inherited)",
				);
				GCC_SYMBOLS_PRIVATE_EXTERN = NO;
				GCC_VERSION = com.apple.compilers.llvm.clang.1_0;
				GCC_WARN_ABOUT_RETURN_TYPE = YES;
				GCC_WARN_UNINITIALIZED_AUTOS = YES;
				GCC_WARN_UNUSED_VARIABLE = YES;
				IPHONEOS_DEPLOYMENT_TARGET = 5.1;
				SDKROOT = iphoneos;
			};
			name = Debug;
		};
		0D8B0643157432A300F1F5FE /* Release */ = {
			isa = XCBuildConfiguration;
			buildSettings = {
				ALWAYS_SEARCH_USER_PATHS = NO;
				ARCHS = "$(ARCHS_STANDARD_32_BIT)";
				CLANG_ENABLE_OBJC_ARC = YES;
				"CODE_SIGN_IDENTITY[sdk=iphoneos*]" = "iPhone Developer";
				COPY_PHASE_STRIP = YES;
				GCC_C_LANGUAGE_STANDARD = gnu99;
				GCC_VERSION = com.apple.compilers.llvm.clang.1_0;
				GCC_WARN_ABOUT_RETURN_TYPE = YES;
				GCC_WARN_UNINITIALIZED_AUTOS = YES;
				GCC_WARN_UNUSED_VARIABLE = YES;
				IPHONEOS_DEPLOYMENT_TARGET = 5.1;
				OTHER_CFLAGS = "-DNS_BLOCK_ASSERTIONS=1";
				SDKROOT = iphoneos;
				VALIDATE_PRODUCT = YES;
			};
			name = Release;
		};
		0D8B0645157432A300F1F5FE /* Debug */ = {
			isa = XCBuildConfiguration;
			buildSettings = {
				GCC_PRECOMPILE_PREFIX_HEADER = YES;
				GCC_PREFIX_HEADER = "Layover/Layover-Prefix.pch";
				INFOPLIST_FILE = "Layover/Layover-Info.plist";
				PRODUCT_NAME = "$(TARGET_NAME)";
				WRAPPER_EXTENSION = app;
			};
			name = Debug;
		};
		0D8B0646157432A300F1F5FE /* Release */ = {
			isa = XCBuildConfiguration;
			buildSettings = {
				GCC_PRECOMPILE_PREFIX_HEADER = YES;
				GCC_PREFIX_HEADER = "Layover/Layover-Prefix.pch";
				INFOPLIST_FILE = "Layover/Layover-Info.plist";
				PRODUCT_NAME = "$(TARGET_NAME)";
				WRAPPER_EXTENSION = app;
			};
			name = Release;
		};
/* End XCBuildConfiguration section */

/* Begin XCConfigurationList section */
		0D8B0620157432A300F1F5FE /* Build configuration list for PBXProject "Layover" */ = {
			isa = XCConfigurationList;
			buildConfigurations = (
				0D8B0642157432A300F1F5FE /* Debug */,
				0D8B0643157432A300F1F5FE /* Release */,
			);
			defaultConfigurationIsVisible = 0;
			defaultConfigurationName = Release;
		};
		0D8B0644157432A300F1F5FE /* Build configuration list for PBXNativeTarget "Layover" */ = {
			isa = XCConfigurationList;
			buildConfigurations = (
				0D8B0645157432A300F1F5FE /* Debug */,
				0D8B0646157432A300F1F5FE /* Release */,
			);
			defaultConfigurationIsVisible = 0;
			defaultConfigurationName = Release;
		};
/* End XCConfigurationList section */
	};
	rootObject = 0D8B061D157432A300F1F5FE /* Project object */;
}
